// !$*UTF8*$!
{
	archiveVersion = 1;
	classes = {
	};
	objectVersion = 56;
	objects = {

/* Begin PBXBuildFile section */
		A01 /* DadClonerApp.swift in Sources */ = {isa = PBXBuildFile; fileRef = A11 /* DadClonerApp.swift */; };
		A02 /* AppDelegate.swift in Sources */ = {isa = PBXBuildFile; fileRef = A12 /* AppDelegate.swift */; };
		A03 /* SyncConfiguration.swift in Sources */ = {isa = PBXBuildFile; fileRef = A13 /* SyncConfiguration.swift */; };
		A04 /* SyncLog.swift in Sources */ = {isa = PBXBuildFile; fileRef = A14 /* SyncLog.swift */; };
		A05 /* SyncManager.swift in Sources */ = {isa = PBXBuildFile; fileRef = A15 /* SyncManager.swift */; };
		A06 /* SchedulerManager.swift in Sources */ = {isa = PBXBuildFile; fileRef = A16 /* SchedulerManager.swift */; };
		A07 /* SetupView.swift in Sources */ = {isa = PBXBuildFile; fileRef = A17 /* SetupView.swift */; };
		A08 /* MenuBarPopover.swift in Sources */ = {isa = PBXBuildFile; fileRef = A18 /* MenuBarPopover.swift */; };
		A09 /* DriveMonitor.swift in Sources */ = {isa = PBXBuildFile; fileRef = A19 /* DriveMonitor.swift */; };
		A0A /* Assets.xcassets in Resources */ = {isa = PBXBuildFile; fileRef = A1A /* Assets.xcassets */; };
		A0B /* LaunchAtLogin.swift in Sources */ = {isa = PBXBuildFile; fileRef = A1D /* LaunchAtLogin.swift */; };
		A0C /* rsync in Resources */ = {isa = PBXBuildFile; fileRef = A1E /* rsync */; };
/* End PBXBuildFile section */

/* Begin PBXFileReference section */
		A00 /* DadCloner.app */ = {isa = PBXFileReference; explicitFileType = wrapper.application; includeInIndex = 0; path = DadCloner.app; sourceTree = BUILT_PRODUCTS_DIR; };
		A11 /* DadClonerApp.swift */ = {isa = PBXFileReference; lastKnownFileType = sourcecode.swift; path = DadClonerApp.swift; sourceTree = "<group>"; };
		A12 /* AppDelegate.swift */ = {isa = PBXFileReference; lastKnownFileType = sourcecode.swift; path = AppDelegate.swift; sourceTree = "<group>"; };
		A13 /* SyncConfiguration.swift */ = {isa = PBXFileReference; lastKnownFileType = sourcecode.swift; path = SyncConfiguration.swift; sourceTree = "<group>"; };
		A14 /* SyncLog.swift */ = {isa = PBXFileReference; lastKnownFileType = sourcecode.swift; path = SyncLog.swift; sourceTree = "<group>"; };
		A15 /* SyncManager.swift */ = {isa = PBXFileReference; lastKnownFileType = sourcecode.swift; path = SyncManager.swift; sourceTree = "<group>"; };
		A16 /* SchedulerManager.swift */ = {isa = PBXFileReference; lastKnownFileType = sourcecode.swift; path = SchedulerManager.swift; sourceTree = "<group>"; };
		A17 /* SetupView.swift */ = {isa = PBXFileReference; lastKnownFileType = sourcecode.swift; path = SetupView.swift; sourceTree = "<group>"; };
		A18 /* MenuBarPopover.swift */ = {isa = PBXFileReference; lastKnownFileType = sourcecode.swift; path = MenuBarPopover.swift; sourceTree = "<group>"; };
		A19 /* DriveMonitor.swift */ = {isa = PBXFileReference; lastKnownFileType = sourcecode.swift; path = DriveMonitor.swift; sourceTree = "<group>"; };
		A1A /* Assets.xcassets */ = {isa = PBXFileReference; lastKnownFileType = folder.assetcatalog; path = Assets.xcassets; sourceTree = "<group>"; };
		A1B /* Info.plist */ = {isa = PBXFileReference; lastKnownFileType = text.plist.xml; path = Info.plist; sourceTree = "<group>"; };
		A1C /* DadCloner.entitlements */ = {isa = PBXFileReference; lastKnownFileType = text.plist.entitlements; path = DadCloner.entitlements; sourceTree = "<group>"; };
		A1D /* LaunchAtLogin.swift */ = {isa = PBXFileReference; lastKnownFileType = sourcecode.swift; path = LaunchAtLogin.swift; sourceTree = "<group>"; };
		A1E /* rsync */ = {isa = PBXFileReference; lastKnownFileType = file; path = rsync; sourceTree = "<group>"; };
/* End PBXFileReference section */

/* Begin PBXFrameworksBuildPhase section */
		AFBP /* Frameworks */ = {
			isa = PBXFrameworksBuildPhase;
			buildActionMask = 2147483647;
			files = (
			);
			runOnlyForDeploymentPostprocessing = 0;
		};
/* End PBXFrameworksBuildPhase section */

/* Begin PBXGroup section */
		AG00 = {
			isa = PBXGroup;
			children = (
				AG01 /* DadCloner */,
				AG02 /* Products */,
			);
			sourceTree = "<group>";
		};
		AG01 /* DadCloner */ = {
			isa = PBXGroup;
			children = (
				A11 /* DadClonerApp.swift */,
				A12 /* AppDelegate.swift */,
				AG03 /* Models */,
				AG04 /* Managers */,
				AG05 /* Views */,
				AG06 /* Utilities */,
				AG07 /* Resources */,
				A1A /* Assets.xcassets */,
				A1B /* Info.plist */,
				A1C /* DadCloner.entitlements */,
			);
			path = DadCloner;
			sourceTree = "<group>";
		};
		AG02 /* Products */ = {
			isa = PBXGroup;
			children = (
				A00 /* DadCloner.app */,
			);
			name = Products;
			sourceTree = "<group>";
		};
		AG03 /* Models */ = {
			isa = PBXGroup;
			children = (
				A13 /* SyncConfiguration.swift */,
				A14 /* SyncLog.swift */,
			);
			path = Models;
			sourceTree = "<group>";
		};
		AG04 /* Managers */ = {
			isa = PBXGroup;
			children = (
				A15 /* SyncManager.swift */,
				A16 /* SchedulerManager.swift */,
			);
			path = Managers;
			sourceTree = "<group>";
		};
		AG05 /* Views */ = {
			isa = PBXGroup;
			children = (
				A17 /* SetupView.swift */,
				A18 /* MenuBarPopover.swift */,
			);
			path = Views;
			sourceTree = "<group>";
		};
		AG06 /* Utilities */ = {
			isa = PBXGroup;
			children = (
				A19 /* DriveMonitor.swift */,
				A1D /* LaunchAtLogin.swift */,
			);
			path = Utilities;
			sourceTree = "<group>";
		};
		AG07 /* Resources */ = {
			isa = PBXGroup;
			children = (
				A1E /* rsync */,
			);
			path = Resources;
			sourceTree = "<group>";
		};
/* End PBXGroup section */

/* Begin PBXNativeTarget section */
		ANT0 /* DadCloner */ = {
			isa = PBXNativeTarget;
			buildConfigurationList = ABCL1 /* Build configuration list for PBXNativeTarget "DadCloner" */;
			buildPhases = (
				ASBP /* Sources */,
				AFBP /* Frameworks */,
				ARBP /* Resources */,
			);
			buildRules = (
			);
			dependencies = (
			);
			name = DadCloner;
			productName = DadCloner;
			productReference = A00 /* DadCloner.app */;
			productType = "com.apple.product-type.application";
		};
/* End PBXNativeTarget section */

/* Begin PBXProject section */
		APRJ /* Project object */ = {
			isa = PBXProject;
			attributes = {
				BuildIndependentTargetsInParallel = 1;
				LastSwiftUpdateCheck = 1500;
				LastUpgradeCheck = 1500;
				TargetAttributes = {
					ANT0 = {
						CreatedOnToolsVersion = 15.0;
					};
				};
			};
			buildConfigurationList = ABCL0 /* Build configuration list for PBXProject "DadCloner" */;
			compatibilityVersion = "Xcode 14.0";
			developmentRegion = en;
			hasScannedForEncodings = 0;
			knownRegions = (
				en,
				Base,
			);
			mainGroup = AG00;
			productRefGroup = AG02 /* Products */;
			projectDirPath = "";
			projectRoot = "";
			targets = (
				ANT0 /* DadCloner */,
			);
		};
/* End PBXProject section */

/* Begin PBXResourcesBuildPhase section */
		ARBP /* Resources */ = {
			isa = PBXResourcesBuildPhase;
			buildActionMask = 2147483647;
			files = (
				A0A /* Assets.xcassets in Resources */,
				A0C /* rsync in Resources */,
			);
			runOnlyForDeploymentPostprocessing = 0;
		};
/* End PBXResourcesBuildPhase section */

/* Begin PBXSourcesBuildPhase section */
		ASBP /* Sources */ = {
			isa = PBXSourcesBuildPhase;
			buildActionMask = 2147483647;
			files = (
				A01 /* DadClonerApp.swift in Sources */,
				A02 /* AppDelegate.swift in Sources */,
				A03 /* SyncConfiguration.swift in Sources */,
				A04 /* SyncLog.swift in Sources */,
				A05 /* SyncManager.swift in Sources */,
				A06 /* SchedulerManager.swift in Sources */,
				A07 /* SetupView.swift in Sources */,
				A08 /* MenuBarPopover.swift in Sources */,
				A09 /* DriveMonitor.swift in Sources */,
				A0B /* LaunchAtLogin.swift in Sources */,
			);
			runOnlyForDeploymentPostprocessing = 0;
		};
/* End PBXSourcesBuildPhase section */

/* Begin XCBuildConfiguration section */
		ABC0 /* Debug */ = {
			isa = XCBuildConfiguration;
			buildSettings = {
				ALWAYS_SEARCH_USER_PATHS = NO;
				ASSETCATALOG_COMPILER_GENERATE_SWIFT_ASSET_SYMBOL_EXTENSIONS = YES;
				CLANG_ANALYZER_NONNULL = YES;
				CLANG_ANALYZER_NUMBER_OBJECT_CONVERSION = YES_AGGRESSIVE;
				CLANG_CXX_LANGUAGE_STANDARD = "gnu++20";
				CLANG_ENABLE_MODULES = YES;
				CLANG_ENABLE_OBJC_ARC = YES;
				CLANG_ENABLE_OBJC_WEAK = YES;
				CLANG_WARN_BLOCK_CAPTURE_AUTORELEASING = YES;
				CLANG_WARN_BOOL_CONVERSION = YES;
				CLANG_WARN_COMMA = YES;
				CLANG_WARN_CONSTANT_CONVERSION = YES;
				CLANG_WARN_DEPRECATED_OBJC_IMPLEMENTATIONS = YES;
				CLANG_WARN_DIRECT_OBJC_ISA_USAGE = YES_ERROR;
				CLANG_WARN_DOCUMENTATION_COMMENTS = YES;
				CLANG_WARN_EMPTY_BODY = YES;
				CLANG_WARN_ENUM_CONVERSION = YES;
				CLANG_WARN_INFINITE_RECURSION = YES;
				CLANG_WARN_INT_CONVERSION = YES;
				CLANG_WARN_NON_LITERAL_NULL_CONVERSION = YES;
				CLANG_WARN_OBJC_IMPLICIT_RETAIN_SELF = YES;
				CLANG_WARN_OBJC_LITERAL_CONVERSION = YES;
				CLANG_WARN_OBJC_ROOT_CLASS = YES_ERROR;
				CLANG_WARN_QUOTED_INCLUDE_IN_FRAMEWORK_HEADER = YES;
				CLANG_WARN_RANGE_LOOP_ANALYSIS = YES;
				CLANG_WARN_STRICT_PROTOTYPES = YES;
				CLANG_WARN_SUSPICIOUS_MOVE = YES;
				CLANG_WARN_UNGUARDED_AVAILABILITY = YES_AGGRESSIVE;
				CLANG_WARN_UNREACHABLE_CODE = YES;
				CLANG_WARN__DUPLICATE_METHOD_MATCH = YES;
				COPY_PHASE_STRIP = NO;
				DEBUG_INFORMATION_FORMAT = dwarf;
				ENABLE_STRICT_OBJC_MSGSEND = YES;
				ENABLE_TESTABILITY = YES;
				ENABLE_USER_SCRIPT_SANDBOXING = YES;
				GCC_C_LANGUAGE_STANDARD = gnu17;
				GCC_DYNAMIC_NO_PIC = NO;
				GCC_NO_COMMON_BLOCKS = YES;
				GCC_OPTIMIZATION_LEVEL = 0;
				GCC_PREPROCESSOR_DEFINITIONS = (
					"DEBUG=1",
					"$(inherited)",
				);
				GCC_WARN_64_TO_32_BIT_CONVERSION = YES;
				GCC_WARN_ABOUT_RETURN_TYPE = YES_ERROR;
				GCC_WARN_UNDECLARED_SELECTOR = YES;
				GCC_WARN_UNINITIALIZED_AUTOS = YES_AGGRESSIVE;
				GCC_WARN_UNUSED_FUNCTION = YES;
				GCC_WARN_UNUSED_VARIABLE = YES;
				LOCALIZATION_PREFERS_STRING_CATALOGS = YES;
				MACOSX_DEPLOYMENT_TARGET = 14.0;
				MTL_ENABLE_DEBUG_INFO = INCLUDE_SOURCE;
				MTL_FAST_MATH = YES;
				ONLY_ACTIVE_ARCH = YES;
				SDKROOT = macosx;
				SWIFT_ACTIVE_COMPILATION_CONDITIONS = "DEBUG $(inherited)";
				SWIFT_OPTIMIZATION_LEVEL = "-Onone";
			};
			name = Debug;
		};
		ABC1 /* Release */ = {
			isa = XCBuildConfiguration;
			buildSettings = {
				ALWAYS_SEARCH_USER_PATHS = NO;
				ASSETCATALOG_COMPILER_GENERATE_SWIFT_ASSET_SYMBOL_EXTENSIONS = YES;
				CLANG_ANALYZER_NONNULL = YES;
				CLANG_ANALYZER_NUMBER_OBJECT_CONVERSION = YES_AGGRESSIVE;
				CLANG_CXX_LANGUAGE_STANDARD = "gnu++20";
				CLANG_ENABLE_MODULES = YES;
				CLANG_ENABLE_OBJC_ARC = YES;
				CLANG_ENABLE_OBJC_WEAK = YES;
				CLANG_WARN_BLOCK_CAPTURE_AUTORELEASING = YES;
				CLANG_WARN_BOOL_CONVERSION = YES;
				CLANG_WARN_COMMA = YES;
				CLANG_WARN_CONSTANT_CONVERSION = YES;
				CLANG_WARN_DEPRECATED_OBJC_IMPLEMENTATIONS = YES;
				CLANG_WARN_DIRECT_OBJC_ISA_USAGE = YES_ERROR;
				CLANG_WARN_DOCUMENTATION_COMMENTS = YES;
				CLANG_WARN_EMPTY_BODY = YES;
				CLANG_WARN_ENUM_CONVERSION = YES;
				CLANG_WARN_INFINITE_RECURSION = YES;
				CLANG_WARN_INT_CONVERSION = YES;
				CLANG_WARN_NON_LITERAL_NULL_CONVERSION = YES;
				CLANG_WARN_OBJC_IMPLICIT_RETAIN_SELF = YES;
				CLANG_WARN_OBJC_LITERAL_CONVERSION = YES;
				CLANG_WARN_OBJC_ROOT_CLASS = YES_ERROR;
				CLANG_WARN_QUOTED_INCLUDE_IN_FRAMEWORK_HEADER = YES;
				CLANG_WARN_RANGE_LOOP_ANALYSIS = YES;
				CLANG_WARN_STRICT_PROTOTYPES = YES;
				CLANG_WARN_SUSPICIOUS_MOVE = YES;
				CLANG_WARN_UNGUARDED_AVAILABILITY = YES_AGGRESSIVE;
				CLANG_WARN_UNREACHABLE_CODE = YES;
				CLANG_WARN__DUPLICATE_METHOD_MATCH = YES;
				COPY_PHASE_STRIP = NO;
				DEBUG_INFORMATION_FORMAT = "dwarf-with-dsym";
				ENABLE_NS_ASSERTIONS = NO;
				ENABLE_STRICT_OBJC_MSGSEND = YES;
				ENABLE_USER_SCRIPT_SANDBOXING = YES;
				GCC_C_LANGUAGE_STANDARD = gnu17;
				GCC_NO_COMMON_BLOCKS = YES;
				GCC_WARN_64_TO_32_BIT_CONVERSION = YES;
				GCC_WARN_ABOUT_RETURN_TYPE = YES_ERROR;
				GCC_WARN_UNDECLARED_SELECTOR = YES;
				GCC_WARN_UNINITIALIZED_AUTOS = YES_AGGRESSIVE;
				GCC_WARN_UNUSED_FUNCTION = YES;
				GCC_WARN_UNUSED_VARIABLE = YES;
				LOCALIZATION_PREFERS_STRING_CATALOGS = YES;
				MACOSX_DEPLOYMENT_TARGET = 14.0;
				MTL_ENABLE_DEBUG_INFO = NO;
				MTL_FAST_MATH = YES;
				SDKROOT = macosx;
				SWIFT_COMPILATION_MODE = wholemodule;
			};
			name = Release;
		};
		ABC2 /* Debug */ = {
			isa = XCBuildConfiguration;
			buildSettings = {
				ASSETCATALOG_COMPILER_APPICON_NAME = AppIcon;
				ASSETCATALOG_COMPILER_GLOBAL_ACCENT_COLOR_NAME = AccentColor;
				CODE_SIGN_ENTITLEMENTS = DadCloner/DadCloner.entitlements;
				CODE_SIGN_STYLE = Automatic;
				COMBINE_HIDPI_IMAGES = YES;
				CURRENT_PROJECT_VERSION = 1;
				DEVELOPMENT_TEAM = AUJW7AGG26;
				ENABLE_HARDENED_RUNTIME = YES;
				GENERATE_INFOPLIST_FILE = NO;
				INFOPLIST_FILE = DadCloner/Info.plist;
				INFOPLIST_KEY_CFBundleDisplayName = DadCloner;
				INFOPLIST_KEY_LSApplicationCategoryType = "public.app-category.utilities";
				INFOPLIST_KEY_LSUIElement = YES;
				INFOPLIST_KEY_NSHumanReadableCopyright = "";
				LD_RUNPATH_SEARCH_PATHS = (
					"$(inherited)",
					"@executable_path/../Frameworks",
				);
				MARKETING_VERSION = 1.0;
				PRODUCT_BUNDLE_IDENTIFIER = com.dadcloner.app;
				PRODUCT_NAME = "$(TARGET_NAME)";
				SWIFT_EMIT_LOC_STRINGS = YES;
				SWIFT_VERSION = 5.0;
			};
			name = Debug;
		};
		ABC3 /* Release */ = {
			isa = XCBuildConfiguration;
			buildSettings = {
				ASSETCATALOG_COMPILER_APPICON_NAME = AppIcon;
				ASSETCATALOG_COMPILER_GLOBAL_ACCENT_COLOR_NAME = AccentColor;
				CODE_SIGN_ENTITLEMENTS = DadCloner/DadCloner.entitlements;
				CODE_SIGN_STYLE = Automatic;
				COMBINE_HIDPI_IMAGES = YES;
				CURRENT_PROJECT_VERSION = 1;
				DEVELOPMENT_TEAM = AUJW7AGG26;
				ENABLE_HARDENED_RUNTIME = YES;
				GENERATE_INFOPLIST_FILE = NO;
				INFOPLIST_FILE = DadCloner/Info.plist;
				INFOPLIST_KEY_CFBundleDisplayName = DadCloner;
				INFOPLIST_KEY_LSApplicationCategoryType = "public.app-category.utilities";
				INFOPLIST_KEY_LSUIElement = YES;
				INFOPLIST_KEY_NSHumanReadableCopyright = "";
				LD_RUNPATH_SEARCH_PATHS = (
					"$(inherited)",
					"@executable_path/../Frameworks",
				);
				MARKETING_VERSION = 1.0;
				PRODUCT_BUNDLE_IDENTIFIER = com.dadcloner.app;
				PRODUCT_NAME = "$(TARGET_NAME)";
				SWIFT_EMIT_LOC_STRINGS = YES;
				SWIFT_VERSION = 5.0;
			};
			name = Release;
		};
/* End XCBuildConfiguration section */

/* Begin XCConfigurationList section */
		ABCL0 /* Build configuration list for PBXProject "DadCloner" */ = {
			isa = XCConfigurationList;
			buildConfigurations = (
				ABC0 /* Debug */,
				ABC1 /* Release */,
			);
			defaultConfigurationIsVisible = 0;
			defaultConfigurationName = Release;
		};
		ABCL1 /* Build configuration list for PBXNativeTarget "DadCloner" */ = {
			isa = XCConfigurationList;
			buildConfigurations = (
				ABC2 /* Debug */,
				ABC3 /* Release */,
			);
			defaultConfigurationIsVisible = 0;
			defaultConfigurationName = Release;
		};
/* End XCConfigurationList section */
	};
	rootObject = APRJ /* Project object */;
}
